
Microsoft Visual Studio Solution File, Format Version 12.00
# Visual Studio 2012
Project("{FAE04EC0-301F-11D3-BF4B-00C04F79EFBC}") = "Fourth.SqlParser", "Fourth.SqlParser\Fourth.SqlParser.csproj", "{FF2020DA-5F36-4B79-8145-0BA93DC91F54}"
EndProject
Project("{2150E333-8FDC-42A3-9474-1A3956D46DE8}") = ".nuget", ".nuget", "{764E127F-0BF2-44CD-8F4F-D51A299752DE}"
	ProjectSection(SolutionItems) = preProject
		.nuget\NuGet.Config = .nuget\NuGet.Config
		.nuget\NuGet.exe = .nuget\NuGet.exe
		.nuget\NuGet.targets = .nuget\NuGet.targets
	EndProjectSection
EndProject
Project("{FAE04EC0-301F-11D3-BF4B-00C04F79EFBC}") = "Fourth.SqlParser.App", "Fourth.SqlParser.App\Fourth.SqlParser.App.csproj", "{854636D3-AEEF-4B66-80AF-A89103FA0199}"
EndProject
Project("{FAE04EC0-301F-11D3-BF4B-00C04F79EFBC}") = "Fourth.SqlComparer", "Fourth.SqlComparer\Fourth.SqlComparer\Fourth.SqlComparer.csproj", "{16684FB3-174B-462B-85BB-3E81BFE0D831}"
EndProject
Project("{FAE04EC0-301F-11D3-BF4B-00C04F79EFBC}") = "Fourth.SqlParser.Infrastructure", "Fourth.SqlParser.Infrastructure\Fourth.SqlParser.Infrastructure.csproj", "{09BA3E4E-11EE-422E-95CB-B744FB4CE4B4}"
EndProject
Project("{00D1A9C2-B5F0-4AF3-8072-F6C62B433612}") = "SqlParserDb", "SqlParserDb\SqlParserDb.sqlproj", "{8073B5AA-A25B-4218-96DE-FBE7FAF9A7B8}"
EndProject
Global
	GlobalSection(SolutionConfigurationPlatforms) = preSolution
		Debug|Any CPU = Debug|Any CPU
		Release|Any CPU = Release|Any CPU
	EndGlobalSection
	GlobalSection(ProjectConfigurationPlatforms) = postSolution
		{FF2020DA-5F36-4B79-8145-0BA93DC91F54}.Debug|Any CPU.ActiveCfg = Debug|Any CPU
		{FF2020DA-5F36-4B79-8145-0BA93DC91F54}.Debug|Any CPU.Build.0 = Debug|Any CPU
		{FF2020DA-5F36-4B79-8145-0BA93DC91F54}.Release|Any CPU.ActiveCfg = Release|Any CPU
		{FF2020DA-5F36-4B79-8145-0BA93DC91F54}.Release|Any CPU.Build.0 = Release|Any CPU
		{854636D3-AEEF-4B66-80AF-A89103FA0199}.Debug|Any CPU.ActiveCfg = Debug|Any CPU
		{854636D3-AEEF-4B66-80AF-A89103FA0199}.Debug|Any CPU.Build.0 = Debug|Any CPU
		{854636D3-AEEF-4B66-80AF-A89103FA0199}.Release|Any CPU.ActiveCfg = Release|Any CPU
		{854636D3-AEEF-4B66-80AF-A89103FA0199}.Release|Any CPU.Build.0 = Release|Any CPU
		{16684FB3-174B-462B-85BB-3E81BFE0D831}.Debug|Any CPU.ActiveCfg = Debug|Any CPU
		{16684FB3-174B-462B-85BB-3E81BFE0D831}.Debug|Any CPU.Build.0 = Debug|Any CPU
		{16684FB3-174B-462B-85BB-3E81BFE0D831}.Release|Any CPU.ActiveCfg = Release|Any CPU
		{16684FB3-174B-462B-85BB-3E81BFE0D831}.Release|Any CPU.Build.0 = Release|Any CPU
		{09BA3E4E-11EE-422E-95CB-B744FB4CE4B4}.Debug|Any CPU.ActiveCfg = Debug|Any CPU
		{09BA3E4E-11EE-422E-95CB-B744FB4CE4B4}.Debug|Any CPU.Build.0 = Debug|Any CPU
		{09BA3E4E-11EE-422E-95CB-B744FB4CE4B4}.Release|Any CPU.ActiveCfg = Release|Any CPU
		{09BA3E4E-11EE-422E-95CB-B744FB4CE4B4}.Release|Any CPU.Build.0 = Release|Any CPU
		{8073B5AA-A25B-4218-96DE-FBE7FAF9A7B8}.Debug|Any CPU.ActiveCfg = Debug|Any CPU
		{8073B5AA-A25B-4218-96DE-FBE7FAF9A7B8}.Debug|Any CPU.Build.0 = Debug|Any CPU
		{8073B5AA-A25B-4218-96DE-FBE7FAF9A7B8}.Debug|Any CPU.Deploy.0 = Debug|Any CPU
		{8073B5AA-A25B-4218-96DE-FBE7FAF9A7B8}.Release|Any CPU.ActiveCfg = Release|Any CPU
		{8073B5AA-A25B-4218-96DE-FBE7FAF9A7B8}.Release|Any CPU.Build.0 = Release|Any CPU
		{8073B5AA-A25B-4218-96DE-FBE7FAF9A7B8}.Release|Any CPU.Deploy.0 = Release|Any CPU
	EndGlobalSection
	GlobalSection(SolutionProperties) = preSolution
		HideSolutionNode = FALSE
	EndGlobalSection
EndGlobal
