
Microsoft Visual Studio Solution File, Format Version 12.00
# Visual Studio 2012
Project("{FAE04EC0-301F-11D3-BF4B-00C04F79EFBC}") = "Fourth.SqlComparer", "Fourth.SqlComparer\Fourth.SqlComparer.csproj", "{16684FB3-174B-462B-85BB-3E81BFE0D831}"
EndProject
Project("{2150E333-8FDC-42A3-9474-1A3956D46DE8}") = ".nuget", ".nuget", "{796985A3-E011-4066-831C-0930CD343763}"
	ProjectSection(SolutionItems) = preProject
		.nuget\NuGet.Config = .nuget\NuGet.Config
		.nuget\NuGet.exe = .nuget\NuGet.exe
		.nuget\NuGet.targets = .nuget\NuGet.targets
	EndProjectSection
EndProject
Global
	GlobalSection(SolutionConfigurationPlatforms) = preSolution
		Debug|Any CPU = Debug|Any CPU
		Release|Any CPU = Release|Any CPU
	EndGlobalSection
	GlobalSection(ProjectConfigurationPlatforms) = postSolution
		{16684FB3-174B-462B-85BB-3E81BFE0D831}.Debug|Any CPU.ActiveCfg = Debug|Any CPU
		{16684FB3-174B-462B-85BB-3E81BFE0D831}.Debug|Any CPU.Build.0 = Debug|Any CPU
		{16684FB3-174B-462B-85BB-3E81BFE0D831}.Release|Any CPU.ActiveCfg = Release|Any CPU
		{16684FB3-174B-462B-85BB-3E81BFE0D831}.Release|Any CPU.Build.0 = Release|Any CPU
	EndGlobalSection
	GlobalSection(SolutionProperties) = preSolution
		HideSolutionNode = FALSE
	EndGlobalSection
EndGlobal
